PODS:
  - Kanna (5.0.0)
  - Realm (5.3.4):
    - Realm/Headers (= 5.3.4)
  - Realm/Headers (5.3.4)
  - RealmSwift (5.3.4):
    - Realm (= 5.3.4)

DEPENDENCIES:
  - Kanna
  - RealmSwift (~> 5.3.4)

SPEC REPOS:
  https://github.com/CocoaPods/Specs.git:
    - Kanna
  trunk:
    - Realm
    - RealmSwift

SPEC CHECKSUMS:
  Kanna: a32875df62975f8f4b871e933b4ea1a5c3b8be0f
  Realm: 4dd457b6ed025041cf7efe05dae78c027ba842e0
  RealmSwift: 233af88fffe05ed7f9305eecef100d477c0c2c42

PODFILE CHECKSUM: 63a0de96b1f6e6c115c9d6be23dfde5f59f01ef0

COCOAPODS: 1.9.3
