// !$*UTF8*$!
{
	archiveVersion = 1;
	classes = {
	};
	objectVersion = 50;
	objects = {

/* Begin PBXBuildFile section */
		B96F567ADFFFA3CFE8518F7B /* Pods_IIDX.framework in Frameworks */ = {isa = PBXBuildFile; fileRef = 6F6B074A4B8470A8CC05FE43 /* Pods_IIDX.framework */; };
		C338FF0B235236A300FBD47F /* EditSelect.storyboard in Resources */ = {isa = PBXBuildFile; fileRef = C338FF0A235236A300FBD47F /* EditSelect.storyboard */; };
		C338FF0D2352370400FBD47F /* EditSelectViewController.swift in Sources */ = {isa = PBXBuildFile; fileRef = C338FF0C2352370400FBD47F /* EditSelectViewController.swift */; };
		C338FF0F2353879400FBD47F /* TagCollectionViewCell.swift in Sources */ = {isa = PBXBuildFile; fileRef = C338FF0E2353879400FBD47F /* TagCollectionViewCell.swift */; };
		C34E9C00232928CC00D62373 /* Version.storyboard in Resources */ = {isa = PBXBuildFile; fileRef = C34E9BFF232928CC00D62373 /* Version.storyboard */; };
		C34E9C022329291E00D62373 /* VersionViewController.swift in Sources */ = {isa = PBXBuildFile; fileRef = C34E9C012329291E00D62373 /* VersionViewController.swift */; };
		C34E9C07232CBE6F00D62373 /* CorrectTitle.csv in Resources */ = {isa = PBXBuildFile; fileRef = C34E9C06232CBE6F00D62373 /* CorrectTitle.csv */; };
		C3AF62E72349DBD70022664D /* Mode.storyboard in Resources */ = {isa = PBXBuildFile; fileRef = C3AF62E62349DBD70022664D /* Mode.storyboard */; };
		C3AF62E92349DC010022664D /* ModeViewController.swift in Sources */ = {isa = PBXBuildFile; fileRef = C3AF62E82349DC010022664D /* ModeViewController.swift */; };
		C3AF62EF234E7EBE0022664D /* EditDetail.storyboard in Resources */ = {isa = PBXBuildFile; fileRef = C3AF62EE234E7EBE0022664D /* EditDetail.storyboard */; };
		C3AF62F1234E7F130022664D /* EditDetailViewController.swift in Sources */ = {isa = PBXBuildFile; fileRef = C3AF62F0234E7F130022664D /* EditDetailViewController.swift */; };
		C3AF62F3234E87B40022664D /* EditListTableViewCell.swift in Sources */ = {isa = PBXBuildFile; fileRef = C3AF62F2234E87B40022664D /* EditListTableViewCell.swift */; };
		C3B59BF52395526C00496751 /* iidx_seed.realm in Resources */ = {isa = PBXBuildFile; fileRef = C3B59BF42395526C00496751 /* iidx_seed.realm */; };
		C3C21ED82314FD1F00B51CB1 /* AppDelegate.swift in Sources */ = {isa = PBXBuildFile; fileRef = C3C21ED72314FD1F00B51CB1 /* AppDelegate.swift */; };
		C3C21EDD2314FD1F00B51CB1 /* Main.storyboard in Resources */ = {isa = PBXBuildFile; fileRef = C3C21EDB2314FD1F00B51CB1 /* Main.storyboard */; };
		C3C21EE22314FD2000B51CB1 /* LaunchScreen.storyboard in Resources */ = {isa = PBXBuildFile; fileRef = C3C21EE02314FD2000B51CB1 /* LaunchScreen.storyboard */; };
		C3D0EF62231BA7FB001F1511 /* Sort.storyboard in Resources */ = {isa = PBXBuildFile; fileRef = C3D0EF61231BA7FB001F1511 /* Sort.storyboard */; };
		C3D0EF64231BA815001F1511 /* SortViewController.swift in Sources */ = {isa = PBXBuildFile; fileRef = C3D0EF63231BA815001F1511 /* SortViewController.swift */; };
		C3D0EF66231BAA42001F1511 /* OperationTableViewCell.swift in Sources */ = {isa = PBXBuildFile; fileRef = C3D0EF65231BAA42001F1511 /* OperationTableViewCell.swift */; };
		C3D0EF6E231CAF8B001F1511 /* Operation.swift in Sources */ = {isa = PBXBuildFile; fileRef = C3D0EF6D231CAF8B001F1511 /* Operation.swift */; };
		C3D0EF70231CB458001F1511 /* Filter.storyboard in Resources */ = {isa = PBXBuildFile; fileRef = C3D0EF6F231CB458001F1511 /* Filter.storyboard */; };
		C3D0EF72231CB48F001F1511 /* FilterViewController.swift in Sources */ = {isa = PBXBuildFile; fileRef = C3D0EF71231CB48F001F1511 /* FilterViewController.swift */; };
		C3D0EF7A231F457E001F1511 /* Statistics.storyboard in Resources */ = {isa = PBXBuildFile; fileRef = C3D0EF79231F457E001F1511 /* Statistics.storyboard */; };
		C3D0EF7C231F45A8001F1511 /* StatisticsCLViewController.swift in Sources */ = {isa = PBXBuildFile; fileRef = C3D0EF7B231F45A8001F1511 /* StatisticsCLViewController.swift */; };
		C3D0EF7E231F4818001F1511 /* StatisticsDLViewController.swift in Sources */ = {isa = PBXBuildFile; fileRef = C3D0EF7D231F4818001F1511 /* StatisticsDLViewController.swift */; };
		C3D0EF81231F4C9E001F1511 /* StatisticsTableViewCell.swift in Sources */ = {isa = PBXBuildFile; fileRef = C3D0EF80231F4C9E001F1511 /* StatisticsTableViewCell.swift */; };
		C3D0EF83231F588E001F1511 /* Calculate.swift in Sources */ = {isa = PBXBuildFile; fileRef = C3D0EF82231F588E001F1511 /* Calculate.swift */; };
		C3D0EF892320238F001F1511 /* Assets.xcassets in Resources */ = {isa = PBXBuildFile; fileRef = C3D0EF882320238F001F1511 /* Assets.xcassets */; };
		C3D0EF8F23220142001F1511 /* RivalScore.swift in Sources */ = {isa = PBXBuildFile; fileRef = C3D0EF8E23220142001F1511 /* RivalScore.swift */; };
		C3D0EF9123221AF2001F1511 /* Detail.storyboard in Resources */ = {isa = PBXBuildFile; fileRef = C3D0EF9023221AF2001F1511 /* Detail.storyboard */; };
		C3D0EF9323221B24001F1511 /* DetailViewController.swift in Sources */ = {isa = PBXBuildFile; fileRef = C3D0EF9223221B24001F1511 /* DetailViewController.swift */; };
		C3D0EF9523222A39001F1511 /* DetailTableViewCell.swift in Sources */ = {isa = PBXBuildFile; fileRef = C3D0EF9423222A39001F1511 /* DetailTableViewCell.swift */; };
		C3D7F4D02315A3F400B5C895 /* MainViewController.swift in Sources */ = {isa = PBXBuildFile; fileRef = C3D7F4CF2315A3F400B5C895 /* MainViewController.swift */; };
		C3D7F4D22315A7E200B5C895 /* ListViewController.swift in Sources */ = {isa = PBXBuildFile; fileRef = C3D7F4D12315A7E200B5C895 /* ListViewController.swift */; };
		C3D7F4D72315AEA500B5C895 /* ListTableViewCell.swift in Sources */ = {isa = PBXBuildFile; fileRef = C3D7F4D62315AEA500B5C895 /* ListTableViewCell.swift */; };
		C3D7F4DA23160EC100B5C895 /* MyScore.swift in Sources */ = {isa = PBXBuildFile; fileRef = C3D7F4D923160EC100B5C895 /* MyScore.swift */; };
		C3D7F4DC2316132500B5C895 /* Code.swift in Sources */ = {isa = PBXBuildFile; fileRef = C3D7F4DB2316132500B5C895 /* Code.swift */; };
		C3D7F4E02316192300B5C895 /* Song.swift in Sources */ = {isa = PBXBuildFile; fileRef = C3D7F4DF2316192300B5C895 /* Song.swift */; };
		C3D7F4E223161E6700B5C895 /* Init.swift in Sources */ = {isa = PBXBuildFile; fileRef = C3D7F4E123161E6700B5C895 /* Init.swift */; };
		C3D7F4E523161EE400B5C895 /* Const.swift in Sources */ = {isa = PBXBuildFile; fileRef = C3D7F4E423161EE400B5C895 /* Const.swift */; };
		C3D7F4E7231623B800B5C895 /* CommonMetod.swift in Sources */ = {isa = PBXBuildFile; fileRef = C3D7F4E6231623B800B5C895 /* CommonMetod.swift */; };
		C3D7F4E9231628BF00B5C895 /* MyUserDefaults.swift in Sources */ = {isa = PBXBuildFile; fileRef = C3D7F4E8231628BF00B5C895 /* MyUserDefaults.swift */; };
		C3D7F4F02316314500B5C895 /* LoginViewController.swift in Sources */ = {isa = PBXBuildFile; fileRef = C3D7F4EF2316314500B5C895 /* LoginViewController.swift */; };
		C3D7F4F42316332800B5C895 /* List.storyboard in Resources */ = {isa = PBXBuildFile; fileRef = C3D7F4F32316332800B5C895 /* List.storyboard */; };
		C3D7F4F6231634CB00B5C895 /* Login.storyboard in Resources */ = {isa = PBXBuildFile; fileRef = C3D7F4F5231634CB00B5C895 /* Login.storyboard */; };
		C3D7F4F82316370400B5C895 /* WebKit.framework in Frameworks */ = {isa = PBXBuildFile; fileRef = C3D7F4F72316370400B5C895 /* WebKit.framework */; };
		C3D7F4FA23163CED00B5C895 /* CommonData.swift in Sources */ = {isa = PBXBuildFile; fileRef = C3D7F4F923163CED00B5C895 /* CommonData.swift */; };
		C3D7F4FD2316512300B5C895 /* Import.swift in Sources */ = {isa = PBXBuildFile; fileRef = C3D7F4FC2316512300B5C895 /* Import.swift */; };
		C3D7F50123165FF900B5C895 /* Extention.swift in Sources */ = {isa = PBXBuildFile; fileRef = C3D7F50023165FF900B5C895 /* Extention.swift */; };
		C3D7F503231660E700B5C895 /* HttpClientImpl.swift in Sources */ = {isa = PBXBuildFile; fileRef = C3D7F502231660E700B5C895 /* HttpClientImpl.swift */; };
		C3D7F50A231665DD00B5C895 /* SettingViewController.swift in Sources */ = {isa = PBXBuildFile; fileRef = C3D7F509231665DD00B5C895 /* SettingViewController.swift */; };
		C3D7F50C231665F100B5C895 /* Setting.storyboard in Resources */ = {isa = PBXBuildFile; fileRef = C3D7F50B231665F100B5C895 /* Setting.storyboard */; };
		C3D7F50E2316676E00B5C895 /* TargetAccount.storyboard in Resources */ = {isa = PBXBuildFile; fileRef = C3D7F50D2316676E00B5C895 /* TargetAccount.storyboard */; };
		C3D7F5102316678500B5C895 /* Account.storyboard in Resources */ = {isa = PBXBuildFile; fileRef = C3D7F50F2316678500B5C895 /* Account.storyboard */; };
		C3D7F512231667B400B5C895 /* TargetAccountViewController.swift in Sources */ = {isa = PBXBuildFile; fileRef = C3D7F511231667B400B5C895 /* TargetAccountViewController.swift */; };
		C3D7F514231667C200B5C895 /* AccountViewController.swift in Sources */ = {isa = PBXBuildFile; fileRef = C3D7F513231667C200B5C895 /* AccountViewController.swift */; };
		C3D7F516231764FE00B5C895 /* TargetAccountTableViewCell.swift in Sources */ = {isa = PBXBuildFile; fileRef = C3D7F515231764FE00B5C895 /* TargetAccountTableViewCell.swift */; };
		C3EFE1932357C08800CEE129 /* TagAddCollectionViewCell.swift in Sources */ = {isa = PBXBuildFile; fileRef = C3EFE1922357C08700CEE129 /* TagAddCollectionViewCell.swift */; };
		C3EFE1952359060100CEE129 /* Tag.swift in Sources */ = {isa = PBXBuildFile; fileRef = C3EFE1942359060100CEE129 /* Tag.swift */; };
		C3EFE1972359070C00CEE129 /* Tag.storyboard in Resources */ = {isa = PBXBuildFile; fileRef = C3EFE1962359070C00CEE129 /* Tag.storyboard */; };
		C3EFE1992359073C00CEE129 /* TagViewController.swift in Sources */ = {isa = PBXBuildFile; fileRef = C3EFE1982359073C00CEE129 /* TagViewController.swift */; };
		C3F0579C2332A8E200F3831F /* Log.swift in Sources */ = {isa = PBXBuildFile; fileRef = C3F0579B2332A8E200F3831F /* Log.swift */; };
		C3F057D32334856C00F3831F /* Information.storyboard in Resources */ = {isa = PBXBuildFile; fileRef = C3F057D22334856C00F3831F /* Information.storyboard */; };
		C3F057D5233485B100F3831F /* InformationViewController.swift in Sources */ = {isa = PBXBuildFile; fileRef = C3F057D4233485B100F3831F /* InformationViewController.swift */; };
		C3F057EB233AF5F200F3831F /* Html.swift in Sources */ = {isa = PBXBuildFile; fileRef = C3F057EA233AF5F200F3831F /* Html.swift */; };
		C3FD10DF2317779A00C7A86F /* RivalStatus.swift in Sources */ = {isa = PBXBuildFile; fileRef = C3FD10DE2317779A00C7A86F /* RivalStatus.swift */; };
		C3FD10E1231777A700C7A86F /* MyStatus.swift in Sources */ = {isa = PBXBuildFile; fileRef = C3FD10E0231777A700C7A86F /* MyStatus.swift */; };
		C3FD10E9231780CE00C7A86F /* MyRealm.swift in Sources */ = {isa = PBXBuildFile; fileRef = C3FD10E8231780CE00C7A86F /* MyRealm.swift */; };
		C3FD10ED23181EF500C7A86F /* Scraping.swift in Sources */ = {isa = PBXBuildFile; fileRef = C3FD10EC23181EF500C7A86F /* Scraping.swift */; };
		C3FD10EF23182B2500C7A86F /* SaveDB.swift in Sources */ = {isa = PBXBuildFile; fileRef = C3FD10EE23182B2500C7A86F /* SaveDB.swift */; };
		C3FD10F123182C5000C7A86F /* LastImportDate.swift in Sources */ = {isa = PBXBuildFile; fileRef = C3FD10F023182C5000C7A86F /* LastImportDate.swift */; };
		C3FD10F3231942E600C7A86F /* OldScore.swift in Sources */ = {isa = PBXBuildFile; fileRef = C3FD10F2231942E600C7A86F /* OldScore.swift */; };
/* End PBXBuildFile section */

/* Begin PBXFileReference section */
		08AAAF1DD6A69654DD611564 /* Pods-IIDX.debug.xcconfig */ = {isa = PBXFileReference; includeInIndex = 1; lastKnownFileType = text.xcconfig; name = "Pods-IIDX.debug.xcconfig"; path = "Target Support Files/Pods-IIDX/Pods-IIDX.debug.xcconfig"; sourceTree = "<group>"; };
		6F6B074A4B8470A8CC05FE43 /* Pods_IIDX.framework */ = {isa = PBXFileReference; explicitFileType = wrapper.framework; includeInIndex = 0; path = Pods_IIDX.framework; sourceTree = BUILT_PRODUCTS_DIR; };
		C338FF0A235236A300FBD47F /* EditSelect.storyboard */ = {isa = PBXFileReference; lastKnownFileType = file.storyboard; path = EditSelect.storyboard; sourceTree = "<group>"; };
		C338FF0C2352370400FBD47F /* EditSelectViewController.swift */ = {isa = PBXFileReference; lastKnownFileType = sourcecode.swift; path = EditSelectViewController.swift; sourceTree = "<group>"; };
		C338FF0E2353879400FBD47F /* TagCollectionViewCell.swift */ = {isa = PBXFileReference; lastKnownFileType = sourcecode.swift; path = TagCollectionViewCell.swift; sourceTree = "<group>"; };
		C34E9BFF232928CC00D62373 /* Version.storyboard */ = {isa = PBXFileReference; lastKnownFileType = file.storyboard; path = Version.storyboard; sourceTree = "<group>"; };
		C34E9C012329291E00D62373 /* VersionViewController.swift */ = {isa = PBXFileReference; lastKnownFileType = sourcecode.swift; path = VersionViewController.swift; sourceTree = "<group>"; };
		C34E9C06232CBE6F00D62373 /* CorrectTitle.csv */ = {isa = PBXFileReference; fileEncoding = 4; lastKnownFileType = text; path = CorrectTitle.csv; sourceTree = "<group>"; };
		C3AF62E62349DBD70022664D /* Mode.storyboard */ = {isa = PBXFileReference; lastKnownFileType = file.storyboard; path = Mode.storyboard; sourceTree = "<group>"; };
		C3AF62E82349DC010022664D /* ModeViewController.swift */ = {isa = PBXFileReference; lastKnownFileType = sourcecode.swift; path = ModeViewController.swift; sourceTree = "<group>"; };
		C3AF62EE234E7EBE0022664D /* EditDetail.storyboard */ = {isa = PBXFileReference; lastKnownFileType = file.storyboard; path = EditDetail.storyboard; sourceTree = "<group>"; };
		C3AF62F0234E7F130022664D /* EditDetailViewController.swift */ = {isa = PBXFileReference; lastKnownFileType = sourcecode.swift; path = EditDetailViewController.swift; sourceTree = "<group>"; };
		C3AF62F2234E87B40022664D /* EditListTableViewCell.swift */ = {isa = PBXFileReference; lastKnownFileType = sourcecode.swift; path = EditListTableViewCell.swift; sourceTree = "<group>"; };
		C3B59BF42395526C00496751 /* iidx_seed.realm */ = {isa = PBXFileReference; lastKnownFileType = file; name = iidx_seed.realm; path = "../../../../../../Library/Developer/CoreSimulator/Devices/8CEAD00E-3C70-47B7-B05A-E2907E8D223D/data/Containers/Data/Application/E5352C28-0CB3-4A4C-B2DF-4EAFF8A78D69/Documents/iidx_seed.realm"; sourceTree = "<group>"; };
		C3C21ED42314FD1F00B51CB1 /* IIDX.app */ = {isa = PBXFileReference; explicitFileType = wrapper.application; includeInIndex = 0; path = IIDX.app; sourceTree = BUILT_PRODUCTS_DIR; };
		C3C21ED72314FD1F00B51CB1 /* AppDelegate.swift */ = {isa = PBXFileReference; lastKnownFileType = sourcecode.swift; path = AppDelegate.swift; sourceTree = "<group>"; };
		C3C21EDC2314FD1F00B51CB1 /* Base */ = {isa = PBXFileReference; lastKnownFileType = file.storyboard; name = Base; path = Base.lproj/Main.storyboard; sourceTree = "<group>"; };
		C3C21EE12314FD2000B51CB1 /* Base */ = {isa = PBXFileReference; lastKnownFileType = file.storyboard; name = Base; path = Base.lproj/LaunchScreen.storyboard; sourceTree = "<group>"; };
		C3C21EE32314FD2000B51CB1 /* Info.plist */ = {isa = PBXFileReference; lastKnownFileType = text.plist.xml; path = Info.plist; sourceTree = "<group>"; };
		C3D0EF61231BA7FB001F1511 /* Sort.storyboard */ = {isa = PBXFileReference; lastKnownFileType = file.storyboard; path = Sort.storyboard; sourceTree = "<group>"; };
		C3D0EF63231BA815001F1511 /* SortViewController.swift */ = {isa = PBXFileReference; lastKnownFileType = sourcecode.swift; path = SortViewController.swift; sourceTree = "<group>"; };
		C3D0EF65231BAA42001F1511 /* OperationTableViewCell.swift */ = {isa = PBXFileReference; lastKnownFileType = sourcecode.swift; path = OperationTableViewCell.swift; sourceTree = "<group>"; };
		C3D0EF6D231CAF8B001F1511 /* Operation.swift */ = {isa = PBXFileReference; lastKnownFileType = sourcecode.swift; path = Operation.swift; sourceTree = "<group>"; };
		C3D0EF6F231CB458001F1511 /* Filter.storyboard */ = {isa = PBXFileReference; lastKnownFileType = file.storyboard; path = Filter.storyboard; sourceTree = "<group>"; };
		C3D0EF71231CB48F001F1511 /* FilterViewController.swift */ = {isa = PBXFileReference; lastKnownFileType = sourcecode.swift; path = FilterViewController.swift; sourceTree = "<group>"; };
		C3D0EF79231F457E001F1511 /* Statistics.storyboard */ = {isa = PBXFileReference; lastKnownFileType = file.storyboard; path = Statistics.storyboard; sourceTree = "<group>"; };
		C3D0EF7B231F45A8001F1511 /* StatisticsCLViewController.swift */ = {isa = PBXFileReference; lastKnownFileType = sourcecode.swift; path = StatisticsCLViewController.swift; sourceTree = "<group>"; };
		C3D0EF7D231F4818001F1511 /* StatisticsDLViewController.swift */ = {isa = PBXFileReference; lastKnownFileType = sourcecode.swift; path = StatisticsDLViewController.swift; sourceTree = "<group>"; };
		C3D0EF80231F4C9E001F1511 /* StatisticsTableViewCell.swift */ = {isa = PBXFileReference; lastKnownFileType = sourcecode.swift; path = StatisticsTableViewCell.swift; sourceTree = "<group>"; };
		C3D0EF82231F588E001F1511 /* Calculate.swift */ = {isa = PBXFileReference; lastKnownFileType = sourcecode.swift; path = Calculate.swift; sourceTree = "<group>"; };
		C3D0EF882320238F001F1511 /* Assets.xcassets */ = {isa = PBXFileReference; lastKnownFileType = folder.assetcatalog; path = Assets.xcassets; sourceTree = "<group>"; };
		C3D0EF8E23220142001F1511 /* RivalScore.swift */ = {isa = PBXFileReference; lastKnownFileType = sourcecode.swift; path = RivalScore.swift; sourceTree = "<group>"; };
		C3D0EF9023221AF2001F1511 /* Detail.storyboard */ = {isa = PBXFileReference; lastKnownFileType = file.storyboard; path = Detail.storyboard; sourceTree = "<group>"; };
		C3D0EF9223221B24001F1511 /* DetailViewController.swift */ = {isa = PBXFileReference; lastKnownFileType = sourcecode.swift; path = DetailViewController.swift; sourceTree = "<group>"; };
		C3D0EF9423222A39001F1511 /* DetailTableViewCell.swift */ = {isa = PBXFileReference; lastKnownFileType = sourcecode.swift; path = DetailTableViewCell.swift; sourceTree = "<group>"; };
		C3D7F4CF2315A3F400B5C895 /* MainViewController.swift */ = {isa = PBXFileReference; lastKnownFileType = sourcecode.swift; path = MainViewController.swift; sourceTree = "<group>"; };
		C3D7F4D12315A7E200B5C895 /* ListViewController.swift */ = {isa = PBXFileReference; lastKnownFileType = sourcecode.swift; path = ListViewController.swift; sourceTree = "<group>"; };
		C3D7F4D62315AEA500B5C895 /* ListTableViewCell.swift */ = {isa = PBXFileReference; lastKnownFileType = sourcecode.swift; path = ListTableViewCell.swift; sourceTree = "<group>"; };
		C3D7F4D923160EC100B5C895 /* MyScore.swift */ = {isa = PBXFileReference; lastKnownFileType = sourcecode.swift; path = MyScore.swift; sourceTree = "<group>"; };
		C3D7F4DB2316132500B5C895 /* Code.swift */ = {isa = PBXFileReference; lastKnownFileType = sourcecode.swift; path = Code.swift; sourceTree = "<group>"; };
		C3D7F4DF2316192300B5C895 /* Song.swift */ = {isa = PBXFileReference; lastKnownFileType = sourcecode.swift; path = Song.swift; sourceTree = "<group>"; };
		C3D7F4E123161E6700B5C895 /* Init.swift */ = {isa = PBXFileReference; lastKnownFileType = sourcecode.swift; path = Init.swift; sourceTree = "<group>"; };
		C3D7F4E423161EE400B5C895 /* Const.swift */ = {isa = PBXFileReference; lastKnownFileType = sourcecode.swift; path = Const.swift; sourceTree = "<group>"; };
		C3D7F4E6231623B800B5C895 /* CommonMetod.swift */ = {isa = PBXFileReference; lastKnownFileType = sourcecode.swift; path = CommonMetod.swift; sourceTree = "<group>"; };
		C3D7F4E8231628BF00B5C895 /* MyUserDefaults.swift */ = {isa = PBXFileReference; lastKnownFileType = sourcecode.swift; path = MyUserDefaults.swift; sourceTree = "<group>"; };
		C3D7F4EF2316314500B5C895 /* LoginViewController.swift */ = {isa = PBXFileReference; lastKnownFileType = sourcecode.swift; path = LoginViewController.swift; sourceTree = "<group>"; };
		C3D7F4F32316332800B5C895 /* List.storyboard */ = {isa = PBXFileReference; lastKnownFileType = file.storyboard; path = List.storyboard; sourceTree = "<group>"; };
		C3D7F4F5231634CB00B5C895 /* Login.storyboard */ = {isa = PBXFileReference; lastKnownFileType = file.storyboard; path = Login.storyboard; sourceTree = "<group>"; };
		C3D7F4F72316370400B5C895 /* WebKit.framework */ = {isa = PBXFileReference; lastKnownFileType = wrapper.framework; name = WebKit.framework; path = System/Library/Frameworks/WebKit.framework; sourceTree = SDKROOT; };
		C3D7F4F923163CED00B5C895 /* CommonData.swift */ = {isa = PBXFileReference; lastKnownFileType = sourcecode.swift; path = CommonData.swift; sourceTree = "<group>"; };
		C3D7F4FC2316512300B5C895 /* Import.swift */ = {isa = PBXFileReference; lastKnownFileType = sourcecode.swift; path = Import.swift; sourceTree = "<group>"; };
		C3D7F50023165FF900B5C895 /* Extention.swift */ = {isa = PBXFileReference; lastKnownFileType = sourcecode.swift; path = Extention.swift; sourceTree = "<group>"; };
		C3D7F502231660E700B5C895 /* HttpClientImpl.swift */ = {isa = PBXFileReference; lastKnownFileType = sourcecode.swift; path = HttpClientImpl.swift; sourceTree = "<group>"; };
		C3D7F509231665DD00B5C895 /* SettingViewController.swift */ = {isa = PBXFileReference; lastKnownFileType = sourcecode.swift; path = SettingViewController.swift; sourceTree = "<group>"; };
		C3D7F50B231665F100B5C895 /* Setting.storyboard */ = {isa = PBXFileReference; lastKnownFileType = file.storyboard; path = Setting.storyboard; sourceTree = "<group>"; };
		C3D7F50D2316676E00B5C895 /* TargetAccount.storyboard */ = {isa = PBXFileReference; lastKnownFileType = file.storyboard; path = TargetAccount.storyboard; sourceTree = "<group>"; };
		C3D7F50F2316678500B5C895 /* Account.storyboard */ = {isa = PBXFileReference; lastKnownFileType = file.storyboard; path = Account.storyboard; sourceTree = "<group>"; };
		C3D7F511231667B400B5C895 /* TargetAccountViewController.swift */ = {isa = PBXFileReference; lastKnownFileType = sourcecode.swift; path = TargetAccountViewController.swift; sourceTree = "<group>"; };
		C3D7F513231667C200B5C895 /* AccountViewController.swift */ = {isa = PBXFileReference; lastKnownFileType = sourcecode.swift; path = AccountViewController.swift; sourceTree = "<group>"; };
		C3D7F515231764FE00B5C895 /* TargetAccountTableViewCell.swift */ = {isa = PBXFileReference; lastKnownFileType = sourcecode.swift; path = TargetAccountTableViewCell.swift; sourceTree = "<group>"; };
		C3EFE1922357C08700CEE129 /* TagAddCollectionViewCell.swift */ = {isa = PBXFileReference; lastKnownFileType = sourcecode.swift; path = TagAddCollectionViewCell.swift; sourceTree = "<group>"; };
		C3EFE1942359060100CEE129 /* Tag.swift */ = {isa = PBXFileReference; lastKnownFileType = sourcecode.swift; path = Tag.swift; sourceTree = "<group>"; };
		C3EFE1962359070C00CEE129 /* Tag.storyboard */ = {isa = PBXFileReference; lastKnownFileType = file.storyboard; path = Tag.storyboard; sourceTree = "<group>"; };
		C3EFE1982359073C00CEE129 /* TagViewController.swift */ = {isa = PBXFileReference; lastKnownFileType = sourcecode.swift; path = TagViewController.swift; sourceTree = "<group>"; };
		C3F0579B2332A8E200F3831F /* Log.swift */ = {isa = PBXFileReference; lastKnownFileType = sourcecode.swift; path = Log.swift; sourceTree = "<group>"; };
		C3F057D22334856C00F3831F /* Information.storyboard */ = {isa = PBXFileReference; lastKnownFileType = file.storyboard; path = Information.storyboard; sourceTree = "<group>"; };
		C3F057D4233485B100F3831F /* InformationViewController.swift */ = {isa = PBXFileReference; lastKnownFileType = sourcecode.swift; path = InformationViewController.swift; sourceTree = "<group>"; };
		C3F057EA233AF5F200F3831F /* Html.swift */ = {isa = PBXFileReference; lastKnownFileType = sourcecode.swift; path = Html.swift; sourceTree = "<group>"; };
		C3FD10DE2317779A00C7A86F /* RivalStatus.swift */ = {isa = PBXFileReference; lastKnownFileType = sourcecode.swift; path = RivalStatus.swift; sourceTree = "<group>"; };
		C3FD10E0231777A700C7A86F /* MyStatus.swift */ = {isa = PBXFileReference; lastKnownFileType = sourcecode.swift; path = MyStatus.swift; sourceTree = "<group>"; };
		C3FD10E8231780CE00C7A86F /* MyRealm.swift */ = {isa = PBXFileReference; lastKnownFileType = sourcecode.swift; path = MyRealm.swift; sourceTree = "<group>"; };
		C3FD10EC23181EF500C7A86F /* Scraping.swift */ = {isa = PBXFileReference; lastKnownFileType = sourcecode.swift; path = Scraping.swift; sourceTree = "<group>"; };
		C3FD10EE23182B2500C7A86F /* SaveDB.swift */ = {isa = PBXFileReference; lastKnownFileType = sourcecode.swift; path = SaveDB.swift; sourceTree = "<group>"; };
		C3FD10F023182C5000C7A86F /* LastImportDate.swift */ = {isa = PBXFileReference; lastKnownFileType = sourcecode.swift; path = LastImportDate.swift; sourceTree = "<group>"; };
		C3FD10F2231942E600C7A86F /* OldScore.swift */ = {isa = PBXFileReference; lastKnownFileType = sourcecode.swift; path = OldScore.swift; sourceTree = "<group>"; };
		DEFC39C5352B012C0A8C7636 /* Pods-IIDX.release.xcconfig */ = {isa = PBXFileReference; includeInIndex = 1; lastKnownFileType = text.xcconfig; name = "Pods-IIDX.release.xcconfig"; path = "Target Support Files/Pods-IIDX/Pods-IIDX.release.xcconfig"; sourceTree = "<group>"; };
/* End PBXFileReference section */

/* Begin PBXFrameworksBuildPhase section */
		C3C21ED12314FD1F00B51CB1 /* Frameworks */ = {
			isa = PBXFrameworksBuildPhase;
			buildActionMask = 2147483647;
			files = (
				C3D7F4F82316370400B5C895 /* WebKit.framework in Frameworks */,
				B96F567ADFFFA3CFE8518F7B /* Pods_IIDX.framework in Frameworks */,
			);
			runOnlyForDeploymentPostprocessing = 0;
		};
/* End PBXFrameworksBuildPhase section */

/* Begin PBXGroup section */
		2F6682B8EAE4325254B5F74C /* Pods */ = {
			isa = PBXGroup;
			children = (
				08AAAF1DD6A69654DD611564 /* Pods-IIDX.debug.xcconfig */,
				DEFC39C5352B012C0A8C7636 /* Pods-IIDX.release.xcconfig */,
			);
			path = Pods;
			sourceTree = "<group>";
		};
		9A3D2444F793A1FA6D5F1B37 /* Frameworks */ = {
			isa = PBXGroup;
			children = (
				C3D7F4F72316370400B5C895 /* WebKit.framework */,
				6F6B074A4B8470A8CC05FE43 /* Pods_IIDX.framework */,
			);
			name = Frameworks;
			sourceTree = "<group>";
		};
		C34E9C03232CB9A800D62373 /* Csv */ = {
			isa = PBXGroup;
			children = (
				C34E9C06232CBE6F00D62373 /* CorrectTitle.csv */,
			);
			path = Csv;
			sourceTree = "<group>";
		};
		C3C21ECB2314FD1F00B51CB1 = {
			isa = PBXGroup;
			children = (
				C3C21ED62314FD1F00B51CB1 /* IIDX */,
				C3C21ED52314FD1F00B51CB1 /* Products */,
				2F6682B8EAE4325254B5F74C /* Pods */,
				9A3D2444F793A1FA6D5F1B37 /* Frameworks */,
			);
			sourceTree = "<group>";
		};
		C3C21ED52314FD1F00B51CB1 /* Products */ = {
			isa = PBXGroup;
			children = (
				C3C21ED42314FD1F00B51CB1 /* IIDX.app */,
			);
			name = Products;
			sourceTree = "<group>";
		};
		C3C21ED62314FD1F00B51CB1 /* IIDX */ = {
			isa = PBXGroup;
			children = (
				C3C21ED72314FD1F00B51CB1 /* AppDelegate.swift */,
				C3D0EF882320238F001F1511 /* Assets.xcassets */,
				C3D7F4E323161ED700B5C895 /* Common */,
				C34E9C03232CB9A800D62373 /* Csv */,
				C3D7F4D52315AE4500B5C895 /* Custom */,
				C3D7F4FB2316511500B5C895 /* Import */,
				C3C21EE32314FD2000B51CB1 /* Info.plist */,
				C3D0EF60231BA70B001F1511 /* Init */,
				C3D0EF6A231C7791001F1511 /* Operation */,
				C3D7F4D823160E5700B5C895 /* Realm */,
				C3D7F4F22316327500B5C895 /* Storyboad */,
				C3D0EF5F231BA6D9001F1511 /* ViewController */,
			);
			path = IIDX;
			sourceTree = "<group>";
		};
		C3D0EF5F231BA6D9001F1511 /* ViewController */ = {
			isa = PBXGroup;
			children = (
				C3D7F513231667C200B5C895 /* AccountViewController.swift */,
				C3D0EF9223221B24001F1511 /* DetailViewController.swift */,
				C3D0EF71231CB48F001F1511 /* FilterViewController.swift */,
				C3F057D4233485B100F3831F /* InformationViewController.swift */,
				C3D7F4D12315A7E200B5C895 /* ListViewController.swift */,
				C3D7F4EF2316314500B5C895 /* LoginViewController.swift */,
				C3D7F4CF2315A3F400B5C895 /* MainViewController.swift */,
				C3AF62E82349DC010022664D /* ModeViewController.swift */,
				C3D7F509231665DD00B5C895 /* SettingViewController.swift */,
				C3D0EF63231BA815001F1511 /* SortViewController.swift */,
				C3D0EF7B231F45A8001F1511 /* StatisticsCLViewController.swift */,
				C3D0EF7D231F4818001F1511 /* StatisticsDLViewController.swift */,
				C3D7F511231667B400B5C895 /* TargetAccountViewController.swift */,
				C34E9C012329291E00D62373 /* VersionViewController.swift */,
				C3AF62F0234E7F130022664D /* EditDetailViewController.swift */,
				C338FF0C2352370400FBD47F /* EditSelectViewController.swift */,
				C3EFE1982359073C00CEE129 /* TagViewController.swift */,
			);
			path = ViewController;
			sourceTree = "<group>";
		};
		C3D0EF60231BA70B001F1511 /* Init */ = {
			isa = PBXGroup;
			children = (
				C3D7F4E123161E6700B5C895 /* Init.swift */,
			);
			path = Init;
			sourceTree = "<group>";
		};
		C3D0EF6A231C7791001F1511 /* Operation */ = {
			isa = PBXGroup;
			children = (
				C3D0EF6D231CAF8B001F1511 /* Operation.swift */,
				C3D0EF82231F588E001F1511 /* Calculate.swift */,
			);
			path = Operation;
			sourceTree = "<group>";
		};
		C3D7F4D52315AE4500B5C895 /* Custom */ = {
			isa = PBXGroup;
			children = (
				C3D7F4D62315AEA500B5C895 /* ListTableViewCell.swift */,
				C3D7F515231764FE00B5C895 /* TargetAccountTableViewCell.swift */,
				C3D0EF65231BAA42001F1511 /* OperationTableViewCell.swift */,
				C3D0EF80231F4C9E001F1511 /* StatisticsTableViewCell.swift */,
				C3D0EF9423222A39001F1511 /* DetailTableViewCell.swift */,
				C3AF62F2234E87B40022664D /* EditListTableViewCell.swift */,
				C338FF0E2353879400FBD47F /* TagCollectionViewCell.swift */,
				C3EFE1922357C08700CEE129 /* TagAddCollectionViewCell.swift */,
			);
			path = Custom;
			sourceTree = "<group>";
		};
		C3D7F4D823160E5700B5C895 /* Realm */ = {
			isa = PBXGroup;
			children = (
				C3B59BF42395526C00496751 /* iidx_seed.realm */,
				C3D7F4DB2316132500B5C895 /* Code.swift */,
				C3FD10F023182C5000C7A86F /* LastImportDate.swift */,
				C3FD10E8231780CE00C7A86F /* MyRealm.swift */,
				C3D7F4D923160EC100B5C895 /* MyScore.swift */,
				C3FD10E0231777A700C7A86F /* MyStatus.swift */,
				C3FD10F2231942E600C7A86F /* OldScore.swift */,
				C3D0EF8E23220142001F1511 /* RivalScore.swift */,
				C3FD10DE2317779A00C7A86F /* RivalStatus.swift */,
				C3D7F4DF2316192300B5C895 /* Song.swift */,
				C3F057EA233AF5F200F3831F /* Html.swift */,
				C3EFE1942359060100CEE129 /* Tag.swift */,
			);
			path = Realm;
			sourceTree = "<group>";
		};
		C3D7F4E323161ED700B5C895 /* Common */ = {
			isa = PBXGroup;
			children = (
				C3D7F4F923163CED00B5C895 /* CommonData.swift */,
				C3D7F4E6231623B800B5C895 /* CommonMetod.swift */,
				C3D7F4E423161EE400B5C895 /* Const.swift */,
				C3D7F50023165FF900B5C895 /* Extention.swift */,
				C3D7F502231660E700B5C895 /* HttpClientImpl.swift */,
				C3D7F4E8231628BF00B5C895 /* MyUserDefaults.swift */,
				C3F0579B2332A8E200F3831F /* Log.swift */,
			);
			path = Common;
			sourceTree = "<group>";
		};
		C3D7F4F22316327500B5C895 /* Storyboad */ = {
			isa = PBXGroup;
			children = (
				C3D7F50F2316678500B5C895 /* Account.storyboard */,
				C3D0EF9023221AF2001F1511 /* Detail.storyboard */,
				C3D0EF6F231CB458001F1511 /* Filter.storyboard */,
				C3F057D22334856C00F3831F /* Information.storyboard */,
				C3C21EE02314FD2000B51CB1 /* LaunchScreen.storyboard */,
				C3D7F4F32316332800B5C895 /* List.storyboard */,
				C3D7F4F5231634CB00B5C895 /* Login.storyboard */,
				C3C21EDB2314FD1F00B51CB1 /* Main.storyboard */,
				C3AF62E62349DBD70022664D /* Mode.storyboard */,
				C3D7F50B231665F100B5C895 /* Setting.storyboard */,
				C3D0EF61231BA7FB001F1511 /* Sort.storyboard */,
				C3D0EF79231F457E001F1511 /* Statistics.storyboard */,
				C3D7F50D2316676E00B5C895 /* TargetAccount.storyboard */,
				C34E9BFF232928CC00D62373 /* Version.storyboard */,
				C3AF62EE234E7EBE0022664D /* EditDetail.storyboard */,
				C338FF0A235236A300FBD47F /* EditSelect.storyboard */,
				C3EFE1962359070C00CEE129 /* Tag.storyboard */,
			);
			path = Storyboad;
			sourceTree = "<group>";
		};
		C3D7F4FB2316511500B5C895 /* Import */ = {
			isa = PBXGroup;
			children = (
				C3D7F4FC2316512300B5C895 /* Import.swift */,
				C3FD10EC23181EF500C7A86F /* Scraping.swift */,
				C3FD10EE23182B2500C7A86F /* SaveDB.swift */,
			);
			path = Import;
			sourceTree = "<group>";
		};
/* End PBXGroup section */

/* Begin PBXNativeTarget section */
		C3C21ED32314FD1F00B51CB1 /* IIDX */ = {
			isa = PBXNativeTarget;
			buildConfigurationList = C3C21EE62314FD2000B51CB1 /* Build configuration list for PBXNativeTarget "IIDX" */;
			buildPhases = (
				DFDD7E629D0AF55328897BCE /* [CP] Check Pods Manifest.lock */,
				C3C21ED02314FD1F00B51CB1 /* Sources */,
				C3C21ED12314FD1F00B51CB1 /* Frameworks */,
				C3C21ED22314FD1F00B51CB1 /* Resources */,
				6350602C3C25A13D6AD41A0C /* [CP] Embed Pods Frameworks */,
			);
			buildRules = (
			);
			dependencies = (
			);
			name = IIDX;
			productName = IIDX;
			productReference = C3C21ED42314FD1F00B51CB1 /* IIDX.app */;
			productType = "com.apple.product-type.application";
		};
/* End PBXNativeTarget section */

/* Begin PBXProject section */
		C3C21ECC2314FD1F00B51CB1 /* Project object */ = {
			isa = PBXProject;
			attributes = {
				LastSwiftUpdateCheck = 1020;
				LastUpgradeCheck = 1020;
				ORGANIZATIONNAME = umeme;
				TargetAttributes = {
					C3C21ED32314FD1F00B51CB1 = {
						CreatedOnToolsVersion = 10.2.1;
					};
				};
			};
			buildConfigurationList = C3C21ECF2314FD1F00B51CB1 /* Build configuration list for PBXProject "IIDX" */;
			compatibilityVersion = "Xcode 9.3";
			developmentRegion = en;
			hasScannedForEncodings = 0;
			knownRegions = (
				en,
				Base,
			);
			mainGroup = C3C21ECB2314FD1F00B51CB1;
			productRefGroup = C3C21ED52314FD1F00B51CB1 /* Products */;
			projectDirPath = "";
			projectRoot = "";
			targets = (
				C3C21ED32314FD1F00B51CB1 /* IIDX */,
			);
		};
/* End PBXProject section */

/* Begin PBXResourcesBuildPhase section */
		C3C21ED22314FD1F00B51CB1 /* Resources */ = {
			isa = PBXResourcesBuildPhase;
			buildActionMask = 2147483647;
			files = (
				C3C21EE22314FD2000B51CB1 /* LaunchScreen.storyboard in Resources */,
				C3D7F50C231665F100B5C895 /* Setting.storyboard in Resources */,
				C3D7F50E2316676E00B5C895 /* TargetAccount.storyboard in Resources */,
				C3F057D32334856C00F3831F /* Information.storyboard in Resources */,
				C3D0EF9123221AF2001F1511 /* Detail.storyboard in Resources */,
				C338FF0B235236A300FBD47F /* EditSelect.storyboard in Resources */,
				C3D0EF7A231F457E001F1511 /* Statistics.storyboard in Resources */,
				C3AF62EF234E7EBE0022664D /* EditDetail.storyboard in Resources */,
				C3D7F4F6231634CB00B5C895 /* Login.storyboard in Resources */,
				C3D7F4F42316332800B5C895 /* List.storyboard in Resources */,
				C34E9C07232CBE6F00D62373 /* CorrectTitle.csv in Resources */,
				C3D0EF70231CB458001F1511 /* Filter.storyboard in Resources */,
				C3B59BF52395526C00496751 /* iidx_seed.realm in Resources */,
				C3EFE1972359070C00CEE129 /* Tag.storyboard in Resources */,
				C3D7F5102316678500B5C895 /* Account.storyboard in Resources */,
				C3D0EF62231BA7FB001F1511 /* Sort.storyboard in Resources */,
				C3D0EF892320238F001F1511 /* Assets.xcassets in Resources */,
				C3AF62E72349DBD70022664D /* Mode.storyboard in Resources */,
				C3C21EDD2314FD1F00B51CB1 /* Main.storyboard in Resources */,
				C34E9C00232928CC00D62373 /* Version.storyboard in Resources */,
			);
			runOnlyForDeploymentPostprocessing = 0;
		};
/* End PBXResourcesBuildPhase section */

/* Begin PBXShellScriptBuildPhase section */
		6350602C3C25A13D6AD41A0C /* [CP] Embed Pods Frameworks */ = {
			isa = PBXShellScriptBuildPhase;
			buildActionMask = 2147483647;
			files = (
			);
			inputFileListPaths = (
			);
			inputPaths = (
				"${PODS_ROOT}/Target Support Files/Pods-IIDX/Pods-IIDX-frameworks.sh",
				"${BUILT_PRODUCTS_DIR}/Kanna/Kanna.framework",
				"${BUILT_PRODUCTS_DIR}/Realm/Realm.framework",
				"${BUILT_PRODUCTS_DIR}/RealmSwift/RealmSwift.framework",
			);
			name = "[CP] Embed Pods Frameworks";
			outputFileListPaths = (
			);
			outputPaths = (
				"${TARGET_BUILD_DIR}/${FRAMEWORKS_FOLDER_PATH}/Kanna.framework",
				"${TARGET_BUILD_DIR}/${FRAMEWORKS_FOLDER_PATH}/Realm.framework",
				"${TARGET_BUILD_DIR}/${FRAMEWORKS_FOLDER_PATH}/RealmSwift.framework",
			);
			runOnlyForDeploymentPostprocessing = 0;
			shellPath = /bin/sh;
			shellScript = "\"${PODS_ROOT}/Target Support Files/Pods-IIDX/Pods-IIDX-frameworks.sh\"\n";
			showEnvVarsInLog = 0;
		};
		DFDD7E629D0AF55328897BCE /* [CP] Check Pods Manifest.lock */ = {
			isa = PBXShellScriptBuildPhase;
			buildActionMask = 2147483647;
			files = (
			);
			inputFileListPaths = (
			);
			inputPaths = (
				"${PODS_PODFILE_DIR_PATH}/Podfile.lock",
				"${PODS_ROOT}/Manifest.lock",
			);
			name = "[CP] Check Pods Manifest.lock";
			outputFileListPaths = (
			);
			outputPaths = (
				"$(DERIVED_FILE_DIR)/Pods-IIDX-checkManifestLockResult.txt",
			);
			runOnlyForDeploymentPostprocessing = 0;
			shellPath = /bin/sh;
			shellScript = "diff \"${PODS_PODFILE_DIR_PATH}/Podfile.lock\" \"${PODS_ROOT}/Manifest.lock\" > /dev/null\nif [ $? != 0 ] ; then\n    # print error to STDERR\n    echo \"error: The sandbox is not in sync with the Podfile.lock. Run 'pod install' or update your CocoaPods installation.\" >&2\n    exit 1\nfi\n# This output is used by Xcode 'outputs' to avoid re-running this script phase.\necho \"SUCCESS\" > \"${SCRIPT_OUTPUT_FILE_0}\"\n";
			showEnvVarsInLog = 0;
		};
/* End PBXShellScriptBuildPhase section */

/* Begin PBXSourcesBuildPhase section */
		C3C21ED02314FD1F00B51CB1 /* Sources */ = {
			isa = PBXSourcesBuildPhase;
			buildActionMask = 2147483647;
			files = (
				C3D7F4E02316192300B5C895 /* Song.swift in Sources */,
				C3D7F4E223161E6700B5C895 /* Init.swift in Sources */,
				C3FD10ED23181EF500C7A86F /* Scraping.swift in Sources */,
				C3D0EF7C231F45A8001F1511 /* StatisticsCLViewController.swift in Sources */,
				C3D7F4D72315AEA500B5C895 /* ListTableViewCell.swift in Sources */,
				C3FD10F3231942E600C7A86F /* OldScore.swift in Sources */,
				C3F057EB233AF5F200F3831F /* Html.swift in Sources */,
				C3D7F503231660E700B5C895 /* HttpClientImpl.swift in Sources */,
				C3D0EF66231BAA42001F1511 /* OperationTableViewCell.swift in Sources */,
				C3D0EF83231F588E001F1511 /* Calculate.swift in Sources */,
				C3FD10DF2317779A00C7A86F /* RivalStatus.swift in Sources */,
				C3C21ED82314FD1F00B51CB1 /* AppDelegate.swift in Sources */,
				C3FD10F123182C5000C7A86F /* LastImportDate.swift in Sources */,
				C3AF62F3234E87B40022664D /* EditListTableViewCell.swift in Sources */,
				C3D7F50A231665DD00B5C895 /* SettingViewController.swift in Sources */,
				C3D0EF7E231F4818001F1511 /* StatisticsDLViewController.swift in Sources */,
				C338FF0D2352370400FBD47F /* EditSelectViewController.swift in Sources */,
				C3D7F514231667C200B5C895 /* AccountViewController.swift in Sources */,
				C34E9C022329291E00D62373 /* VersionViewController.swift in Sources */,
				C3D7F4D02315A3F400B5C895 /* MainViewController.swift in Sources */,
				C3FD10E9231780CE00C7A86F /* MyRealm.swift in Sources */,
				C3D0EF8F23220142001F1511 /* RivalScore.swift in Sources */,
				C3D0EF9523222A39001F1511 /* DetailTableViewCell.swift in Sources */,
				C3D0EF9323221B24001F1511 /* DetailViewController.swift in Sources */,
				C3D7F4D22315A7E200B5C895 /* ListViewController.swift in Sources */,
				C3F0579C2332A8E200F3831F /* Log.swift in Sources */,
				C3D7F4E9231628BF00B5C895 /* MyUserDefaults.swift in Sources */,
				C338FF0F2353879400FBD47F /* TagCollectionViewCell.swift in Sources */,
				C3F057D5233485B100F3831F /* InformationViewController.swift in Sources */,
				C3D7F4DC2316132500B5C895 /* Code.swift in Sources */,
				C3D7F50123165FF900B5C895 /* Extention.swift in Sources */,
				C3D7F4FA23163CED00B5C895 /* CommonData.swift in Sources */,
				C3AF62F1234E7F130022664D /* EditDetailViewController.swift in Sources */,
				C3D0EF64231BA815001F1511 /* SortViewController.swift in Sources */,
				C3D0EF81231F4C9E001F1511 /* StatisticsTableViewCell.swift in Sources */,
				C3D7F4FD2316512300B5C895 /* Import.swift in Sources */,
				C3D7F4DA23160EC100B5C895 /* MyScore.swift in Sources */,
				C3EFE1992359073C00CEE129 /* TagViewController.swift in Sources */,
				C3EFE1932357C08800CEE129 /* TagAddCollectionViewCell.swift in Sources */,
				C3D7F512231667B400B5C895 /* TargetAccountViewController.swift in Sources */,
				C3D0EF72231CB48F001F1511 /* FilterViewController.swift in Sources */,
				C3D0EF6E231CAF8B001F1511 /* Operation.swift in Sources */,
				C3D7F4E7231623B800B5C895 /* CommonMetod.swift in Sources */,
				C3AF62E92349DC010022664D /* ModeViewController.swift in Sources */,
				C3D7F4E523161EE400B5C895 /* Const.swift in Sources */,
				C3D7F516231764FE00B5C895 /* TargetAccountTableViewCell.swift in Sources */,
				C3EFE1952359060100CEE129 /* Tag.swift in Sources */,
				C3D7F4F02316314500B5C895 /* LoginViewController.swift in Sources */,
				C3FD10EF23182B2500C7A86F /* SaveDB.swift in Sources */,
				C3FD10E1231777A700C7A86F /* MyStatus.swift in Sources */,
			);
			runOnlyForDeploymentPostprocessing = 0;
		};
/* End PBXSourcesBuildPhase section */

/* Begin PBXVariantGroup section */
		C3C21EDB2314FD1F00B51CB1 /* Main.storyboard */ = {
			isa = PBXVariantGroup;
			children = (
				C3C21EDC2314FD1F00B51CB1 /* Base */,
			);
			name = Main.storyboard;
			sourceTree = "<group>";
		};
		C3C21EE02314FD2000B51CB1 /* LaunchScreen.storyboard */ = {
			isa = PBXVariantGroup;
			children = (
				C3C21EE12314FD2000B51CB1 /* Base */,
			);
			name = LaunchScreen.storyboard;
			sourceTree = "<group>";
		};
/* End PBXVariantGroup section */

/* Begin XCBuildConfiguration section */
		C3C21EE42314FD2000B51CB1 /* Debug */ = {
			isa = XCBuildConfiguration;
			buildSettings = {
				ALWAYS_SEARCH_USER_PATHS = NO;
				CLANG_ANALYZER_NONNULL = YES;
				CLANG_ANALYZER_NUMBER_OBJECT_CONVERSION = YES_AGGRESSIVE;
				CLANG_CXX_LANGUAGE_STANDARD = "gnu++14";
				CLANG_CXX_LIBRARY = "libc++";
				CLANG_ENABLE_MODULES = YES;
				CLANG_ENABLE_OBJC_ARC = YES;
				CLANG_ENABLE_OBJC_WEAK = YES;
				CLANG_WARN_BLOCK_CAPTURE_AUTORELEASING = YES;
				CLANG_WARN_BOOL_CONVERSION = YES;
				CLANG_WARN_COMMA = YES;
				CLANG_WARN_CONSTANT_CONVERSION = YES;
				CLANG_WARN_DEPRECATED_OBJC_IMPLEMENTATIONS = YES;
				CLANG_WARN_DIRECT_OBJC_ISA_USAGE = YES_ERROR;
				CLANG_WARN_DOCUMENTATION_COMMENTS = YES;
				CLANG_WARN_EMPTY_BODY = YES;
				CLANG_WARN_ENUM_CONVERSION = YES;
				CLANG_WARN_INFINITE_RECURSION = YES;
				CLANG_WARN_INT_CONVERSION = YES;
				CLANG_WARN_NON_LITERAL_NULL_CONVERSION = YES;
				CLANG_WARN_OBJC_IMPLICIT_RETAIN_SELF = YES;
				CLANG_WARN_OBJC_LITERAL_CONVERSION = YES;
				CLANG_WARN_OBJC_ROOT_CLASS = YES_ERROR;
				CLANG_WARN_RANGE_LOOP_ANALYSIS = YES;
				CLANG_WARN_STRICT_PROTOTYPES = YES;
				CLANG_WARN_SUSPICIOUS_MOVE = YES;
				CLANG_WARN_UNGUARDED_AVAILABILITY = YES_AGGRESSIVE;
				CLANG_WARN_UNREACHABLE_CODE = YES;
				CLANG_WARN__DUPLICATE_METHOD_MATCH = YES;
				CODE_SIGN_IDENTITY = "iPhone Developer";
				COPY_PHASE_STRIP = NO;
				DEBUG_INFORMATION_FORMAT = dwarf;
				ENABLE_STRICT_OBJC_MSGSEND = YES;
				ENABLE_TESTABILITY = YES;
				GCC_C_LANGUAGE_STANDARD = gnu11;
				GCC_DYNAMIC_NO_PIC = NO;
				GCC_NO_COMMON_BLOCKS = YES;
				GCC_OPTIMIZATION_LEVEL = 0;
				GCC_PREPROCESSOR_DEFINITIONS = (
					"DEBUG=1",
					"$(inherited)",
				);
				GCC_WARN_64_TO_32_BIT_CONVERSION = YES;
				GCC_WARN_ABOUT_RETURN_TYPE = YES_ERROR;
				GCC_WARN_UNDECLARED_SELECTOR = YES;
				GCC_WARN_UNINITIALIZED_AUTOS = YES_AGGRESSIVE;
				GCC_WARN_UNUSED_FUNCTION = YES;
				GCC_WARN_UNUSED_VARIABLE = YES;
				IPHONEOS_DEPLOYMENT_TARGET = 13.1;
				MTL_ENABLE_DEBUG_INFO = INCLUDE_SOURCE;
				MTL_FAST_MATH = YES;
				ONLY_ACTIVE_ARCH = YES;
				SDKROOT = iphoneos;
				SWIFT_ACTIVE_COMPILATION_CONDITIONS = DEBUG;
				SWIFT_OPTIMIZATION_LEVEL = "-Onone";
			};
			name = Debug;
		};
		C3C21EE52314FD2000B51CB1 /* Release */ = {
			isa = XCBuildConfiguration;
			buildSettings = {
				ALWAYS_SEARCH_USER_PATHS = NO;
				CLANG_ANALYZER_NONNULL = YES;
				CLANG_ANALYZER_NUMBER_OBJECT_CONVERSION = YES_AGGRESSIVE;
				CLANG_CXX_LANGUAGE_STANDARD = "gnu++14";
				CLANG_CXX_LIBRARY = "libc++";
				CLANG_ENABLE_MODULES = YES;
				CLANG_ENABLE_OBJC_ARC = YES;
				CLANG_ENABLE_OBJC_WEAK = YES;
				CLANG_WARN_BLOCK_CAPTURE_AUTORELEASING = YES;
				CLANG_WARN_BOOL_CONVERSION = YES;
				CLANG_WARN_COMMA = YES;
				CLANG_WARN_CONSTANT_CONVERSION = YES;
				CLANG_WARN_DEPRECATED_OBJC_IMPLEMENTATIONS = YES;
				CLANG_WARN_DIRECT_OBJC_ISA_USAGE = YES_ERROR;
				CLANG_WARN_DOCUMENTATION_COMMENTS = YES;
				CLANG_WARN_EMPTY_BODY = YES;
				CLANG_WARN_ENUM_CONVERSION = YES;
				CLANG_WARN_INFINITE_RECURSION = YES;
				CLANG_WARN_INT_CONVERSION = YES;
				CLANG_WARN_NON_LITERAL_NULL_CONVERSION = YES;
				CLANG_WARN_OBJC_IMPLICIT_RETAIN_SELF = YES;
				CLANG_WARN_OBJC_LITERAL_CONVERSION = YES;
				CLANG_WARN_OBJC_ROOT_CLASS = YES_ERROR;
				CLANG_WARN_RANGE_LOOP_ANALYSIS = YES;
				CLANG_WARN_STRICT_PROTOTYPES = YES;
				CLANG_WARN_SUSPICIOUS_MOVE = YES;
				CLANG_WARN_UNGUARDED_AVAILABILITY = YES_AGGRESSIVE;
				CLANG_WARN_UNREACHABLE_CODE = YES;
				CLANG_WARN__DUPLICATE_METHOD_MATCH = YES;
				CODE_SIGN_IDENTITY = "iPhone Developer";
				COPY_PHASE_STRIP = NO;
				DEBUG_INFORMATION_FORMAT = "dwarf-with-dsym";
				ENABLE_NS_ASSERTIONS = NO;
				ENABLE_STRICT_OBJC_MSGSEND = YES;
				GCC_C_LANGUAGE_STANDARD = gnu11;
				GCC_NO_COMMON_BLOCKS = YES;
				GCC_WARN_64_TO_32_BIT_CONVERSION = YES;
				GCC_WARN_ABOUT_RETURN_TYPE = YES_ERROR;
				GCC_WARN_UNDECLARED_SELECTOR = YES;
				GCC_WARN_UNINITIALIZED_AUTOS = YES_AGGRESSIVE;
				GCC_WARN_UNUSED_FUNCTION = YES;
				GCC_WARN_UNUSED_VARIABLE = YES;
				IPHONEOS_DEPLOYMENT_TARGET = 13.1;
				MTL_ENABLE_DEBUG_INFO = NO;
				MTL_FAST_MATH = YES;
				SDKROOT = iphoneos;
				SWIFT_COMPILATION_MODE = wholemodule;
				SWIFT_OPTIMIZATION_LEVEL = "-O";
				VALIDATE_PRODUCT = YES;
			};
			name = Release;
		};
		C3C21EE72314FD2000B51CB1 /* Debug */ = {
			isa = XCBuildConfiguration;
			baseConfigurationReference = 08AAAF1DD6A69654DD611564 /* Pods-IIDX.debug.xcconfig */;
			buildSettings = {
				ASSETCATALOG_COMPILER_APPICON_NAME = AppIcon;
				CODE_SIGN_IDENTITY = "iPhone Developer";
				CODE_SIGN_STYLE = Automatic;
				CURRENT_PROJECT_VERSION = 1.0.0;
				DEVELOPMENT_TEAM = 9AXLFUXG8X;
				INFOPLIST_FILE = IIDX/Info.plist;
				IPHONEOS_DEPLOYMENT_TARGET = 13.1;
				LD_RUNPATH_SEARCH_PATHS = (
					"$(inherited)",
					"@executable_path/Frameworks",
				);
				PRODUCT_BUNDLE_IDENTIFIER = umeme.2dxsm;
				PRODUCT_NAME = "$(TARGET_NAME)";
				PROVISIONING_PROFILE_SPECIFIER = "";
				SWIFT_VERSION = 5.0;
				TARGETED_DEVICE_FAMILY = "1,2";
			};
			name = Debug;
		};
		C3C21EE82314FD2000B51CB1 /* Release */ = {
			isa = XCBuildConfiguration;
			baseConfigurationReference = DEFC39C5352B012C0A8C7636 /* Pods-IIDX.release.xcconfig */;
			buildSettings = {
				ASSETCATALOG_COMPILER_APPICON_NAME = AppIcon;
				CODE_SIGN_IDENTITY = "iPhone Developer";
				CODE_SIGN_STYLE = Automatic;
				CURRENT_PROJECT_VERSION = 1.0.0;
				DEVELOPMENT_TEAM = 9AXLFUXG8X;
				INFOPLIST_FILE = IIDX/Info.plist;
				IPHONEOS_DEPLOYMENT_TARGET = 13.1;
				LD_RUNPATH_SEARCH_PATHS = (
					"$(inherited)",
					"@executable_path/Frameworks",
				);
				PRODUCT_BUNDLE_IDENTIFIER = umeme.2dxsm;
				PRODUCT_NAME = "$(TARGET_NAME)";
				PROVISIONING_PROFILE_SPECIFIER = "";
				SWIFT_VERSION = 5.0;
				TARGETED_DEVICE_FAMILY = "1,2";
			};
			name = Release;
		};
/* End XCBuildConfiguration section */

/* Begin XCConfigurationList section */
		C3C21ECF2314FD1F00B51CB1 /* Build configuration list for PBXProject "IIDX" */ = {
			isa = XCConfigurationList;
			buildConfigurations = (
				C3C21EE42314FD2000B51CB1 /* Debug */,
				C3C21EE52314FD2000B51CB1 /* Release */,
			);
			defaultConfigurationIsVisible = 0;
			defaultConfigurationName = Release;
		};
		C3C21EE62314FD2000B51CB1 /* Build configuration list for PBXNativeTarget "IIDX" */ = {
			isa = XCConfigurationList;
			buildConfigurations = (
				C3C21EE72314FD2000B51CB1 /* Debug */,
				C3C21EE82314FD2000B51CB1 /* Release */,
			);
			defaultConfigurationIsVisible = 0;
			defaultConfigurationName = Release;
		};
/* End XCConfigurationList section */
	};
	rootObject = C3C21ECC2314FD1F00B51CB1 /* Project object */;
}
